
Microsoft Visual Studio Solution File, Format Version 12.00
# Visual Studio Version 17
VisualStudioVersion = 17.7.34018.315
MinimumVisualStudioVersion = 10.0.40219.1
Project("{FAE04EC0-301F-11D3-BF4B-00C04F79EFBC}") = "YoutubeBotDownloader", "YoutubeBotDownloader\YoutubeBotDownloader.csproj", "{F1A91162-6B3E-4763-B656-2315D7095B00}"
EndProject
Global
	GlobalSection(SolutionConfigurationPlatforms) = preSolution
		Debug|Any CPU = Debug|Any CPU
		Release|Any CPU = Release|Any CPU
	EndGlobalSection
	GlobalSection(ProjectConfigurationPlatforms) = postSolution
		{F1A91162-6B3E-4763-B656-2315D7095B00}.Debug|Any CPU.ActiveCfg = Debug|Any CPU
		{F1A91162-6B3E-4763-B656-2315D7095B00}.Debug|Any CPU.Build.0 = Debug|Any CPU
		{F1A91162-6B3E-4763-B656-2315D7095B00}.Release|Any CPU.ActiveCfg = Release|Any CPU
		{F1A91162-6B3E-4763-B656-2315D7095B00}.Release|Any CPU.Build.0 = Release|Any CPU
	EndGlobalSection
	GlobalSection(SolutionProperties) = preSolution
		HideSolutionNode = FALSE
	EndGlobalSection
	GlobalSection(ExtensibilityGlobals) = postSolution
		SolutionGuid = {53081B2C-19E8-4B5C-92FF-F20599207627}
	EndGlobalSection
EndGlobal
